{
    "_meta": {
        "hash": {
            "sha256": "b134fe3cd129e1758313f7934df1d718791ccfa0e925304735d3271a46aab5b7"
        },
        "pipfile-spec": 6,
        "requires": {
            "python_version": "3.11"
        },
        "sources": [
            {
                "name": "pypi",
                "url": "https://pypi.org/simple",
                "verify_ssl": true
            }
        ]
    },
    "default": {
        "blinker": {
            "hashes": [
                "sha256:b4ce2265a7abece45e7cc896e98dbebe6cead56bcf805a3d23136d145f5445bf",
                "sha256:ba0efaa9080b619ff2f3459d1d500c57bddea4a6b424b60a91141db6fd2f08bc"
            ],
            "markers": "python_version >= '3.9'",
            "version": "==1.9.0"
        },
        "click": {
            "hashes": [
                "sha256:ae74fb96c20a0277a1d615f1e4d73c8414f5a98db8b799a7931d1582f3390c28",
                "sha256:ca9853ad459e787e2192211578cc907e7594e294c7ccc834310722b41b9ca6de"
            ],
            "markers": "python_version >= '3.7'",
            "version": "==8.1.7"
        },
        "flask": {
            "hashes": [
                "sha256:5f873c5184c897c8d9d1b05df1e3d01b14910ce69607a117bd3277098a5836ac",
                "sha256:d667207822eb83f1c4b50949b1623c8fc8d51f2341d65f72e1a1815397551136"
            ],
            "index": "pypi",
            "markers": "python_version >= '3.9'",
            "version": "==3.1.0"
        },
        "granian": {
            "hashes": [
                "sha256:0629cd2b2089fa9b24b6ffa69abe3f69708846b21dde05bec8d9df93e7bb7d6b",
                "sha256:0d8d2ff49b39008518c2828578ecec6f66e5679f7478089c793077becde7cd04",
                "sha256:0e97b62f241a3dc830de7ded811897ecce506909b507a56f6e8b02031462445c",
                "sha256:0eb53abaff555c0d637814d8f2f32155d30193d8c6d47c09d6004f26a3582ccb",
                "sha256:0ffe8d12ca27c72299a6d56e1d0f64bd44b099ebb6bcc87528b99aab7497903c",
                "sha256:11bfb4ce486aac0154416a254aadef7f0626359ffe19be21166b08b04160a6f4",
                "sha256:17e0b9551a51f71d7fb55290c4469fd8d256c7f9a0625b072758ae1a3feb0334",
                "sha256:17e482842c7a64a1712fc8aa49c6bfdf57906cbd03605e2cf6df57633a66824d",
                "sha256:1c1bde4adc55802970aa66bdc41e65e31c5e5c60eceb27ed16fed74d572f14b9",
                "sha256:240c7afa77de8368f54c4cf2eb614151915bbd9ab47b28d68c19a23c54a6237a",
                "sha256:344d11eea67ed31903044e0a216a4a90a8ab381b1d37da35026f416cf94ef2d9",
                "sha256:37aaa001ef0e5930c1c135002617e53bdf8ef63fedd46c73fb7d8418e150a525",
                "sha256:39a5d1186099e0e227477131809b598ce9ba16a8cda4f9ddee3e10274b2fc4d5",
                "sha256:424caab6b69c248bf10bda654ab28377769057d74d9c939f641078d1458d78f6",
                "sha256:492f4dc8fb795ea4651b5013bed058c7ae7fbad771277a7dfa7fbc5d4c8490eb",
                "sha256:4c17d9195c7c1fc44452bd568d31fc901a0e5d33db4bb8cf55a888c7d5a5a8ec",
                "sha256:4c7fab4826c6c488cc0a4c9e56bd417a31a32bcf3a091ab59a84ed81b8c5a538",
                "sha256:527a20731d936213e108ae020f6fdc92c7aebe739787eba3050b6fcdad2b56f7",
                "sha256:557db0c117b92476a6f081a8f1b97b7e7ca486ec6ec425b14d59b92a09e1bc2b",
                "sha256:594c21cc98f0d85d9c96b4232f2cf448ea8f85019d48a8f7cc2f7cae4bb88f2e",
                "sha256:60630626303cb3e4d2730ebf2b93a7f3536137b3c97c16d7c36a58d8e9ddb3bc",
                "sha256:66d0dc46f40ef857e0235b9e497f72c35505f7e4a71e02207b87726fefc57186",
                "sha256:7f7a9b9bc4693b824b036a0f45bfa28893f7430404a67b7a9c353af101269432",
                "sha256:893a3e774796a86646eb4a5982a869e5c538ec3b874f868c3e7950f1aaedd92a",
                "sha256:8bd8b333f80b0f413e5f16d5668732e31e0f84429a68e6c792d71b3f7867096c",
                "sha256:8dda08357dc005b762896cc14eeeb46cd50b584a9f72936ea87f607dfb178827",
                "sha256:8df660acd998dd28015f6745e4a48775f05228512c62f0a6800004321959c8a9",
                "sha256:8fd42175ab79dc607e8775de3195449ba6e0340154d5e968a8ff08b8f49cb7c0",
                "sha256:95404c1899f81361f64eda8917d4ac6bb099528690b4a695d64f4d962a996403",
                "sha256:97327f27d0f658e48cefa8dfee8bcb1c371c4e47533919079047ce260b583850",
                "sha256:9dafe6b358db416c1516d50b88006742ba52bc1164a69144f5acf816dacb5671",
                "sha256:a5e68182def3d5d0069d1ec66a3a16a89eabc28ff9d59bbaf213fb89195cec1b",
                "sha256:af84050c58d7697dda1caf3f644a6c7eb6c11ff8ca1d561e23643d9d99016d05",
                "sha256:b492148aed8e524a17f619691566fc010efdf0f706eecc0f0cb0b257ee8bb6da",
                "sha256:b51c706e1d19b273e615a1c714656c65d6922a3c7cee1aefd2d60e6a11da4416",
                "sha256:be9db2b8406f4b57393414c9171b92a8c38eafec1fe0bb79bc19bbca9cf47c55",
                "sha256:c71d3a4c7d1b6219682fa4c01125deac45596efe0603e38c5a29d635fc3c3363",
                "sha256:d15d715063c1e6119438fa1449913673b28b220613062c7518fa3095fdc6b881",
                "sha256:d5bd955228c848a238c131b104bee055e1a1245b3c699fb450c362538845728e",
                "sha256:db4d3e4060c871d7ec12363c59af40beb71c573fb0a81029b97528930faf3488",
                "sha256:dd8292ed7d4293905420ca5468f85be6b1245a9214380c8a0df4fa864ebd6521",
                "sha256:de17ba29b3ddf1e51a5d6c0205ca4c17c54e4c45a29427ce5f40b9d156415238",
                "sha256:e82d97e12bad15a2c14c2ff26f015f6e2099aa3e6fdea95a14202085f88e5345",
                "sha256:e8e5814cf24e6179221db20fc34997be173568331b8561c3fdfcce93febe6f5d",
                "sha256:ea11fbe99f7046022ac5e3ac3b8448d89368d39eca34d7ab64706193485065ef",
                "sha256:f07a8ef9e06189409fc0c496f600e9d759720043fd7e53da0d6ff7a1640f47f9",
                "sha256:fa52dc0785e23f9b899c712aa0695c2b320ddf1ac40671c997094e2a60334a3e",
                "sha256:fc2195ed7c369c59c81ec3b94c625ac061512a9e17b3d17c63cdc131307fd50a",
                "sha256:fc9803eeaad1350644ba9176ca2d70ebcd0164c6774792cda674ac0cdd6971e0",
                "sha256:fd5c38015a6a2ade9a78cc2db1b46af9d9390b551ac8d865553fee07d607c892"
            ],
            "index": "pypi",
            "markers": "python_version >= '3.9'",
            "version": "==1.7.1"
        },
        "itsdangerous": {
            "hashes": [
                "sha256:c6242fc49e35958c8b15141343aa660db5fc54d4f13a1db01a3f5891b98700ef",
                "sha256:e0050c0b7da1eea53ffaf149c0cfbb5c6e2e2b69c4bef22c81fa6eb73e5f6173"
            ],
            "markers": "python_version >= '3.8'",
            "version": "==2.2.0"
        },
        "jinja2": {
            "hashes": [
                "sha256:4a3aee7acbbe7303aede8e9648d13b8bf88a429282aa6122a993f0ac800cb369",
                "sha256:bc5dd2abb727a5319567b7a813e6a2e7318c39f4f487cfe6c89c6f9c7d25197d"
            ],
            "markers": "python_version >= '3.7'",
            "version": "==3.1.4"
        },
        "markupsafe": {
            "hashes": [
                "sha256:0bff5e0ae4ef2e1ae4fdf2dfd5b76c75e5c2fa4132d05fc1b0dabcd20c7e28c4",
                "sha256:0f4ca02bea9a23221c0182836703cbf8930c5e9454bacce27e767509fa286a30",
                "sha256:1225beacc926f536dc82e45f8a4d68502949dc67eea90eab715dea3a21c1b5f0",
                "sha256:131a3c7689c85f5ad20f9f6fb1b866f402c445b220c19fe4308c0b147ccd2ad9",
                "sha256:15ab75ef81add55874e7ab7055e9c397312385bd9ced94920f2802310c930396",
                "sha256:1a9d3f5f0901fdec14d8d2f66ef7d035f2157240a433441719ac9a3fba440b13",
                "sha256:1c99d261bd2d5f6b59325c92c73df481e05e57f19837bdca8413b9eac4bd8028",
                "sha256:1e084f686b92e5b83186b07e8a17fc09e38fff551f3602b249881fec658d3eca",
                "sha256:2181e67807fc2fa785d0592dc2d6206c019b9502410671cc905d132a92866557",
                "sha256:2cb8438c3cbb25e220c2ab33bb226559e7afb3baec11c4f218ffa7308603c832",
                "sha256:3169b1eefae027567d1ce6ee7cae382c57fe26e82775f460f0b2778beaad66c0",
                "sha256:3809ede931876f5b2ec92eef964286840ed3540dadf803dd570c3b7e13141a3b",
                "sha256:38a9ef736c01fccdd6600705b09dc574584b89bea478200c5fbf112a6b0d5579",
                "sha256:3d79d162e7be8f996986c064d1c7c817f6df3a77fe3d6859f6f9e7be4b8c213a",
                "sha256:444dcda765c8a838eaae23112db52f1efaf750daddb2d9ca300bcae1039adc5c",
                "sha256:48032821bbdf20f5799ff537c7ac3d1fba0ba032cfc06194faffa8cda8b560ff",
                "sha256:4aa4e5faecf353ed117801a068ebab7b7e09ffb6e1d5e412dc852e0da018126c",
                "sha256:52305740fe773d09cffb16f8ed0427942901f00adedac82ec8b67752f58a1b22",
                "sha256:569511d3b58c8791ab4c2e1285575265991e6d8f8700c7be0e88f86cb0672094",
                "sha256:57cb5a3cf367aeb1d316576250f65edec5bb3be939e9247ae594b4bcbc317dfb",
                "sha256:5b02fb34468b6aaa40dfc198d813a641e3a63b98c2b05a16b9f80b7ec314185e",
                "sha256:6381026f158fdb7c72a168278597a5e3a5222e83ea18f543112b2662a9b699c5",
                "sha256:6af100e168aa82a50e186c82875a5893c5597a0c1ccdb0d8b40240b1f28b969a",
                "sha256:6c89876f41da747c8d3677a2b540fb32ef5715f97b66eeb0c6b66f5e3ef6f59d",
                "sha256:6e296a513ca3d94054c2c881cc913116e90fd030ad1c656b3869762b754f5f8a",
                "sha256:70a87b411535ccad5ef2f1df5136506a10775d267e197e4cf531ced10537bd6b",
                "sha256:7e94c425039cde14257288fd61dcfb01963e658efbc0ff54f5306b06054700f8",
                "sha256:846ade7b71e3536c4e56b386c2a47adf5741d2d8b94ec9dc3e92e5e1ee1e2225",
                "sha256:88416bd1e65dcea10bc7569faacb2c20ce071dd1f87539ca2ab364bf6231393c",
                "sha256:88b49a3b9ff31e19998750c38e030fc7bb937398b1f78cfa599aaef92d693144",
                "sha256:8c4e8c3ce11e1f92f6536ff07154f9d49677ebaaafc32db9db4620bc11ed480f",
                "sha256:8e06879fc22a25ca47312fbe7c8264eb0b662f6db27cb2d3bbbc74b1df4b9b87",
                "sha256:9025b4018f3a1314059769c7bf15441064b2207cb3f065e6ea1e7359cb46db9d",
                "sha256:93335ca3812df2f366e80509ae119189886b0f3c2b81325d39efdb84a1e2ae93",
                "sha256:9778bd8ab0a994ebf6f84c2b949e65736d5575320a17ae8984a77fab08db94cf",
                "sha256:9e2d922824181480953426608b81967de705c3cef4d1af983af849d7bd619158",
                "sha256:a123e330ef0853c6e822384873bef7507557d8e4a082961e1defa947aa59ba84",
                "sha256:a904af0a6162c73e3edcb969eeeb53a63ceeb5d8cf642fade7d39e7963a22ddb",
                "sha256:ad10d3ded218f1039f11a75f8091880239651b52e9bb592ca27de44eed242a48",
                "sha256:b424c77b206d63d500bcb69fa55ed8d0e6a3774056bdc4839fc9298a7edca171",
                "sha256:b5a6b3ada725cea8a5e634536b1b01c30bcdcd7f9c6fff4151548d5bf6b3a36c",
                "sha256:ba8062ed2cf21c07a9e295d5b8a2a5ce678b913b45fdf68c32d95d6c1291e0b6",
                "sha256:ba9527cdd4c926ed0760bc301f6728ef34d841f405abf9d4f959c478421e4efd",
                "sha256:bbcb445fa71794da8f178f0f6d66789a28d7319071af7a496d4d507ed566270d",
                "sha256:bcf3e58998965654fdaff38e58584d8937aa3096ab5354d493c77d1fdd66d7a1",
                "sha256:c0ef13eaeee5b615fb07c9a7dadb38eac06a0608b41570d8ade51c56539e509d",
                "sha256:cabc348d87e913db6ab4aa100f01b08f481097838bdddf7c7a84b7575b7309ca",
                "sha256:cdb82a876c47801bb54a690c5ae105a46b392ac6099881cdfb9f6e95e4014c6a",
                "sha256:cfad01eed2c2e0c01fd0ecd2ef42c492f7f93902e39a42fc9ee1692961443a29",
                "sha256:d16a81a06776313e817c951135cf7340a3e91e8c1ff2fac444cfd75fffa04afe",
                "sha256:d8213e09c917a951de9d09ecee036d5c7d36cb6cb7dbaece4c71a60d79fb9798",
                "sha256:e07c3764494e3776c602c1e78e298937c3315ccc9043ead7e685b7f2b8d47b3c",
                "sha256:e17c96c14e19278594aa4841ec148115f9c7615a47382ecb6b82bd8fea3ab0c8",
                "sha256:e444a31f8db13eb18ada366ab3cf45fd4b31e4db1236a4448f68778c1d1a5a2f",
                "sha256:e6a2a455bd412959b57a172ce6328d2dd1f01cb2135efda2e4576e8a23fa3b0f",
                "sha256:eaa0a10b7f72326f1372a713e73c3f739b524b3af41feb43e4921cb529f5929a",
                "sha256:eb7972a85c54febfb25b5c4b4f3af4dcc731994c7da0d8a0b4a6eb0640e1d178",
                "sha256:ee55d3edf80167e48ea11a923c7386f4669df67d7994554387f84e7d8b0a2bf0",
                "sha256:f3818cb119498c0678015754eba762e0d61e5b52d34c8b13d770f0719f7b1d79",
                "sha256:f8b3d067f2e40fe93e1ccdd6b2e1d16c43140e76f02fb1319a05cf2b79d99430",
                "sha256:fcabf5ff6eea076f859677f5f0b6b5c1a51e70a376b0579e0eadef8db48c6b50"
            ],
            "markers": "python_version >= '3.9'",
            "version": "==3.0.2"
        },
        "uvloop": {
            "hashes": [
                "sha256:0878c2640cf341b269b7e128b1a5fed890adc4455513ca710d77d5e93aa6d6a0",
                "sha256:10d66943def5fcb6e7b37310eb6b5639fd2ccbc38df1177262b0640c3ca68c1f",
                "sha256:10da8046cc4a8f12c91a1c39d1dd1585c41162a15caaef165c2174db9ef18bdc",
                "sha256:17df489689befc72c39a08359efac29bbee8eee5209650d4b9f34df73d22e414",
                "sha256:183aef7c8730e54c9a3ee3227464daed66e37ba13040bb3f350bc2ddc040f22f",
                "sha256:196274f2adb9689a289ad7d65700d37df0c0930fd8e4e743fa4834e850d7719d",
                "sha256:221f4f2a1f46032b403bf3be628011caf75428ee3cc204a22addf96f586b19fd",
                "sha256:2d1f581393673ce119355d56da84fe1dd9d2bb8b3d13ce792524e1607139feff",
                "sha256:359ec2c888397b9e592a889c4d72ba3d6befba8b2bb01743f72fffbde663b59c",
                "sha256:3bf12b0fda68447806a7ad847bfa591613177275d35b6724b1ee573faa3704e3",
                "sha256:4509360fcc4c3bd2c70d87573ad472de40c13387f5fda8cb58350a1d7475e58d",
                "sha256:460def4412e473896ef179a1671b40c039c7012184b627898eea5072ef6f017a",
                "sha256:461d9ae6660fbbafedd07559c6a2e57cd553b34b0065b6550685f6653a98c1cb",
                "sha256:46923b0b5ee7fc0020bef24afe7836cb068f5050ca04caf6b487c513dc1a20b2",
                "sha256:53e420a3afe22cdcf2a0f4846e377d16e718bc70103d7088a4f7623567ba5fb0",
                "sha256:5ee4d4ef48036ff6e5cfffb09dd192c7a5027153948d85b8da7ff705065bacc6",
                "sha256:67dd654b8ca23aed0a8e99010b4c34aca62f4b7fce88f39d452ed7622c94845c",
                "sha256:787ae31ad8a2856fc4e7c095341cccc7209bd657d0e71ad0dc2ea83c4a6fa8af",
                "sha256:86975dca1c773a2c9864f4c52c5a55631038e387b47eaf56210f873887b6c8dc",
                "sha256:87c43e0f13022b998eb9b973b5e97200c8b90823454d4bc06ab33829e09fb9bb",
                "sha256:88cb67cdbc0e483da00af0b2c3cdad4b7c61ceb1ee0f33fe00e09c81e3a6cb75",
                "sha256:8a375441696e2eda1c43c44ccb66e04d61ceeffcd76e4929e527b7fa401b90fb",
                "sha256:a5c39f217ab3c663dc699c04cbd50c13813e31d917642d459fdcec07555cc553",
                "sha256:b9fb766bb57b7388745d8bcc53a359b116b8a04c83a2288069809d2b3466c37e",
                "sha256:baa0e6291d91649c6ba4ed4b2f982f9fa165b5bbd50a9e203c416a2797bab3c6",
                "sha256:baa4dcdbd9ae0a372f2167a207cd98c9f9a1ea1188a8a526431eef2f8116cc8d",
                "sha256:bc09f0ff191e61c2d592a752423c767b4ebb2986daa9ed62908e2b1b9a9ae206",
                "sha256:bd53ecc9a0f3d87ab847503c2e1552b690362e005ab54e8a48ba97da3924c0dc",
                "sha256:bfd55dfcc2a512316e65f16e503e9e450cab148ef11df4e4e679b5e8253a5281",
                "sha256:c097078b8031190c934ed0ebfee8cc5f9ba9642e6eb88322b9958b649750f72b",
                "sha256:c0f3fa6200b3108919f8bdabb9a7f87f20e7097ea3c543754cabc7d717d95cf8",
                "sha256:e678ad6fe52af2c58d2ae3c73dc85524ba8abe637f134bf3564ed07f555c5e79",
                "sha256:ec7e6b09a6fdded42403182ab6b832b71f4edaf7f37a9a0e371a01db5f0cb45f",
                "sha256:f0ce1b49560b1d2d8a2977e3ba4afb2414fb46b86a1b64056bc4ab929efdafbe",
                "sha256:f38b2e090258d051d68a5b14d1da7203a3c3677321cf32a95a6f4db4dd8b6f26",
                "sha256:f3df876acd7ec037a3d005b3ab85a7e4110422e4d9c1571d4fc89b0fc41b6816",
                "sha256:f7089d2dc73179ce5ac255bdf37c236a9f914b264825fdaacaded6990a7fb4c2"
            ],
            "markers": "python_full_version >= '3.8.0'",
            "version": "==0.21.0"
        },
        "werkzeug": {
            "hashes": [
                "sha256:54b78bf3716d19a65be4fceccc0d1d7b89e608834989dfae50ea87564639213e",
                "sha256:60723ce945c19328679790e3282cc758aa4a6040e4bb330f53d30fa546d44746"
            ],
            "markers": "python_version >= '3.9'",
            "version": "==3.1.3"
        }
    },
    "develop": {}
}
